// !$*UTF8*$!
{
	archiveVersion = 1;
	classes = {
	};
	objectVersion = 56;
	objects = {

/* Begin PBXBuildFile section */
		8BFD634F2B5673B1001B93C6 /* AppDelegate.swift in Sources */ = {isa = PBXBuildFile; fileRef = 8BFD634E2B5673B1001B93C6 /* AppDelegate.swift */; };
		8BFD63512B5673B1001B93C6 /* SceneDelegate.swift in Sources */ = {isa = PBXBuildFile; fileRef = 8BFD63502B5673B1001B93C6 /* SceneDelegate.swift */; };
		8BFD63532B5673B1001B93C6 /* ViewController.swift in Sources */ = {isa = PBXBuildFile; fileRef = 8BFD63522B5673B1001B93C6 /* ViewController.swift */; };
		8BFD63562B5673B1001B93C6 /* Main.storyboard in Resources */ = {isa = PBXBuildFile; fileRef = 8BFD63542B5673B1001B93C6 /* Main.storyboard */; };
		8BFD63582B5673B3001B93C6 /* Assets.xcassets in Resources */ = {isa = PBXBuildFile; fileRef = 8BFD63572B5673B3001B93C6 /* Assets.xcassets */; };
		8BFD635B2B5673B3001B93C6 /* LaunchScreen.storyboard in Resources */ = {isa = PBXBuildFile; fileRef = 8BFD63592B5673B3001B93C6 /* LaunchScreen.storyboard */; };
		8BFD63642B5676FA001B93C6 /* LotteryViewController.swift in Sources */ = {isa = PBXBuildFile; fileRef = 8BFD63632B5676FA001B93C6 /* LotteryViewController.swift */; };
		8BFD63662B567702001B93C6 /* Lottery.storyboard in Resources */ = {isa = PBXBuildFile; fileRef = 8BFD63652B567702001B93C6 /* Lottery.storyboard */; };
		8BFD636B2B567B16001B93C6 /* Alamofire in Frameworks */ = {isa = PBXBuildFile; productRef = 8BFD636A2B567B16001B93C6 /* Alamofire */; };
		8BFD636E2B567B99001B93C6 /* Lotto.swift in Sources */ = {isa = PBXBuildFile; fileRef = 8BFD636D2B567B99001B93C6 /* Lotto.swift */; };
		8BFD63712B56BC08001B93C6 /* DateFormatter+Extension.swift in Sources */ = {isa = PBXBuildFile; fileRef = 8BFD63702B56BC08001B93C6 /* DateFormatter+Extension.swift */; };
		8BFD63742B56D190001B93C6 /* Beer.storyboard in Resources */ = {isa = PBXBuildFile; fileRef = 8BFD63732B56D190001B93C6 /* Beer.storyboard */; };
		8BFD63762B56D1AE001B93C6 /* BeerRandomViewController.swift in Sources */ = {isa = PBXBuildFile; fileRef = 8BFD63752B56D1AE001B93C6 /* BeerRandomViewController.swift */; };
		8BFD63782B56D1F3001B93C6 /* BeerListViewController.swift in Sources */ = {isa = PBXBuildFile; fileRef = 8BFD63772B56D1F3001B93C6 /* BeerListViewController.swift */; };
		8BFD637A2B56D73C001B93C6 /* Beer.swift in Sources */ = {isa = PBXBuildFile; fileRef = 8BFD63792B56D73C001B93C6 /* Beer.swift */; };
		8BFD637C2B56D9D8001B93C6 /* APIManager.swift in Sources */ = {isa = PBXBuildFile; fileRef = 8BFD637B2B56D9D8001B93C6 /* APIManager.swift */; };
		8BFD637F2B56F5E6001B93C6 /* Kingfisher in Frameworks */ = {isa = PBXBuildFile; productRef = 8BFD637E2B56F5E6001B93C6 /* Kingfisher */; };
		8BFD638C2B57B4CE001B93C6 /* AnyTableViewCell.swift in Sources */ = {isa = PBXBuildFile; fileRef = 8BFD638A2B57B4CE001B93C6 /* AnyTableViewCell.swift */; };
		8BFD638D2B57B4CE001B93C6 /* AnyTableViewCell.xib in Resources */ = {isa = PBXBuildFile; fileRef = 8BFD638B2B57B4CE001B93C6 /* AnyTableViewCell.xib */; };
		8BFD63922B57B899001B93C6 /* LanguageViewController.swift in Sources */ = {isa = PBXBuildFile; fileRef = 8BFD63912B57B899001B93C6 /* LanguageViewController.swift */; };
		8BFD63942B57B8B8001B93C6 /* PapagoMainViewController.swift in Sources */ = {isa = PBXBuildFile; fileRef = 8BFD63932B57B8B8001B93C6 /* PapagoMainViewController.swift */; };
		8BFD63962B57B949001B93C6 /* Papago.swift in Sources */ = {isa = PBXBuildFile; fileRef = 8BFD63952B57B949001B93C6 /* Papago.swift */; };
		8BFD63992B57CE05001B93C6 /* Enumeration.swift in Sources */ = {isa = PBXBuildFile; fileRef = 8BFD63982B57CE05001B93C6 /* Enumeration.swift */; };
		8BFD639E2B57D413001B93C6 /* .gitignore in Resources */ = {isa = PBXBuildFile; fileRef = 8BFD639D2B57D413001B93C6 /* .gitignore */; };
		8BFD63A12B57D52D001B93C6 /* APIKey.swift in Sources */ = {isa = PBXBuildFile; fileRef = 8BFD63A02B57D52D001B93C6 /* APIKey.swift */; };
		8BFD63A42B58147D001B93C6 /* Book.storyboard in Resources */ = {isa = PBXBuildFile; fileRef = 8BFD63A32B58147D001B93C6 /* Book.storyboard */; };
		8BFD63A62B5814AB001B93C6 /* BookViewController.swift in Sources */ = {isa = PBXBuildFile; fileRef = 8BFD63A52B5814AB001B93C6 /* BookViewController.swift */; };
		8BFD63A82B581765001B93C6 /* Book.swift in Sources */ = {isa = PBXBuildFile; fileRef = 8BFD63A72B581765001B93C6 /* Book.swift */; };
		8BFD63AB2B5843C5001B93C6 /* BookCollectionViewCell.swift in Sources */ = {isa = PBXBuildFile; fileRef = 8BFD63A92B5843C5001B93C6 /* BookCollectionViewCell.swift */; };
		8BFD63AC2B5843C5001B93C6 /* BookCollectionViewCell.xib in Resources */ = {isa = PBXBuildFile; fileRef = 8BFD63AA2B5843C5001B93C6 /* BookCollectionViewCell.xib */; };
/* End PBXBuildFile section */

/* Begin PBXFileReference section */
		8BFD634B2B5673B1001B93C6 /* NetWorkProject.app */ = {isa = PBXFileReference; explicitFileType = wrapper.application; includeInIndex = 0; path = NetWorkProject.app; sourceTree = BUILT_PRODUCTS_DIR; };
		8BFD634E2B5673B1001B93C6 /* AppDelegate.swift */ = {isa = PBXFileReference; lastKnownFileType = sourcecode.swift; path = AppDelegate.swift; sourceTree = "<group>"; };
		8BFD63502B5673B1001B93C6 /* SceneDelegate.swift */ = {isa = PBXFileReference; lastKnownFileType = sourcecode.swift; path = SceneDelegate.swift; sourceTree = "<group>"; };
		8BFD63522B5673B1001B93C6 /* ViewController.swift */ = {isa = PBXFileReference; lastKnownFileType = sourcecode.swift; path = ViewController.swift; sourceTree = "<group>"; };
		8BFD63552B5673B1001B93C6 /* Base */ = {isa = PBXFileReference; lastKnownFileType = file.storyboard; name = Base; path = Base.lproj/Main.storyboard; sourceTree = "<group>"; };
		8BFD63572B5673B3001B93C6 /* Assets.xcassets */ = {isa = PBXFileReference; lastKnownFileType = folder.assetcatalog; path = Assets.xcassets; sourceTree = "<group>"; };
		8BFD635A2B5673B3001B93C6 /* Base */ = {isa = PBXFileReference; lastKnownFileType = file.storyboard; name = Base; path = Base.lproj/LaunchScreen.storyboard; sourceTree = "<group>"; };
		8BFD635C2B5673B3001B93C6 /* Info.plist */ = {isa = PBXFileReference; lastKnownFileType = text.plist.xml; path = Info.plist; sourceTree = "<group>"; };
		8BFD63632B5676FA001B93C6 /* LotteryViewController.swift */ = {isa = PBXFileReference; lastKnownFileType = sourcecode.swift; path = LotteryViewController.swift; sourceTree = "<group>"; };
		8BFD63652B567702001B93C6 /* Lottery.storyboard */ = {isa = PBXFileReference; lastKnownFileType = file.storyboard; path = Lottery.storyboard; sourceTree = "<group>"; };
		8BFD636D2B567B99001B93C6 /* Lotto.swift */ = {isa = PBXFileReference; lastKnownFileType = sourcecode.swift; path = Lotto.swift; sourceTree = "<group>"; };
		8BFD63702B56BC08001B93C6 /* DateFormatter+Extension.swift */ = {isa = PBXFileReference; lastKnownFileType = sourcecode.swift; path = "DateFormatter+Extension.swift"; sourceTree = "<group>"; };
		8BFD63732B56D190001B93C6 /* Beer.storyboard */ = {isa = PBXFileReference; lastKnownFileType = file.storyboard; path = Beer.storyboard; sourceTree = "<group>"; };
		8BFD63752B56D1AE001B93C6 /* BeerRandomViewController.swift */ = {isa = PBXFileReference; lastKnownFileType = sourcecode.swift; path = BeerRandomViewController.swift; sourceTree = "<group>"; };
		8BFD63772B56D1F3001B93C6 /* BeerListViewController.swift */ = {isa = PBXFileReference; lastKnownFileType = sourcecode.swift; path = BeerListViewController.swift; sourceTree = "<group>"; };
		8BFD63792B56D73C001B93C6 /* Beer.swift */ = {isa = PBXFileReference; lastKnownFileType = sourcecode.swift; path = Beer.swift; sourceTree = "<group>"; };
		8BFD637B2B56D9D8001B93C6 /* APIManager.swift */ = {isa = PBXFileReference; lastKnownFileType = sourcecode.swift; path = APIManager.swift; sourceTree = "<group>"; };
		8BFD638A2B57B4CE001B93C6 /* AnyTableViewCell.swift */ = {isa = PBXFileReference; lastKnownFileType = sourcecode.swift; path = AnyTableViewCell.swift; sourceTree = "<group>"; };
		8BFD638B2B57B4CE001B93C6 /* AnyTableViewCell.xib */ = {isa = PBXFileReference; lastKnownFileType = file.xib; path = AnyTableViewCell.xib; sourceTree = "<group>"; };
		8BFD63912B57B899001B93C6 /* LanguageViewController.swift */ = {isa = PBXFileReference; lastKnownFileType = sourcecode.swift; path = LanguageViewController.swift; sourceTree = "<group>"; };
		8BFD63932B57B8B8001B93C6 /* PapagoMainViewController.swift */ = {isa = PBXFileReference; lastKnownFileType = sourcecode.swift; path = PapagoMainViewController.swift; sourceTree = "<group>"; };
		8BFD63952B57B949001B93C6 /* Papago.swift */ = {isa = PBXFileReference; lastKnownFileType = sourcecode.swift; path = Papago.swift; sourceTree = "<group>"; };
		8BFD63982B57CE05001B93C6 /* Enumeration.swift */ = {isa = PBXFileReference; lastKnownFileType = sourcecode.swift; path = Enumeration.swift; sourceTree = "<group>"; };
		8BFD639D2B57D413001B93C6 /* .gitignore */ = {isa = PBXFileReference; lastKnownFileType = text; path = .gitignore; sourceTree = "<group>"; };
		8BFD63A02B57D52D001B93C6 /* APIKey.swift */ = {isa = PBXFileReference; lastKnownFileType = sourcecode.swift; path = APIKey.swift; sourceTree = "<group>"; };
		8BFD63A32B58147D001B93C6 /* Book.storyboard */ = {isa = PBXFileReference; lastKnownFileType = file.storyboard; path = Book.storyboard; sourceTree = "<group>"; };
		8BFD63A52B5814AB001B93C6 /* BookViewController.swift */ = {isa = PBXFileReference; lastKnownFileType = sourcecode.swift; path = BookViewController.swift; sourceTree = "<group>"; };
		8BFD63A72B581765001B93C6 /* Book.swift */ = {isa = PBXFileReference; lastKnownFileType = sourcecode.swift; path = Book.swift; sourceTree = "<group>"; };
		8BFD63A92B5843C5001B93C6 /* BookCollectionViewCell.swift */ = {isa = PBXFileReference; lastKnownFileType = sourcecode.swift; path = BookCollectionViewCell.swift; sourceTree = "<group>"; };
		8BFD63AA2B5843C5001B93C6 /* BookCollectionViewCell.xib */ = {isa = PBXFileReference; lastKnownFileType = file.xib; path = BookCollectionViewCell.xib; sourceTree = "<group>"; };
/* End PBXFileReference section */

/* Begin PBXFrameworksBuildPhase section */
		8BFD63482B5673B1001B93C6 /* Frameworks */ = {
			isa = PBXFrameworksBuildPhase;
			buildActionMask = 2147483647;
			files = (
				8BFD637F2B56F5E6001B93C6 /* Kingfisher in Frameworks */,
				8BFD636B2B567B16001B93C6 /* Alamofire in Frameworks */,
			);
			runOnlyForDeploymentPostprocessing = 0;
		};
/* End PBXFrameworksBuildPhase section */

/* Begin PBXGroup section */
		8BFD63422B5673B1001B93C6 = {
			isa = PBXGroup;
			children = (
				8BFD639D2B57D413001B93C6 /* .gitignore */,
				8BFD634D2B5673B1001B93C6 /* NetWorkProject */,
				8BFD634C2B5673B1001B93C6 /* Products */,
			);
			sourceTree = "<group>";
		};
		8BFD634C2B5673B1001B93C6 /* Products */ = {
			isa = PBXGroup;
			children = (
				8BFD634B2B5673B1001B93C6 /* NetWorkProject.app */,
			);
			name = Products;
			sourceTree = "<group>";
		};
		8BFD634D2B5673B1001B93C6 /* NetWorkProject */ = {
			isa = PBXGroup;
			children = (
				8BFD63A22B5803D8001B93C6 /* BookAPI */,
				8BFD639F2B57D4FD001B93C6 /* Resource */,
				8BFD638E2B57B853001B93C6 /* PapagoAPI */,
				8BFD63722B56D179001B93C6 /* BeerAPI */,
				8BFD636F2B56BBFD001B93C6 /* Extension */,
				8BFD636C2B567B90001B93C6 /* Model */,
				8BFD63622B56769F001B93C6 /* LotteryAPI */,
				8BFD634E2B5673B1001B93C6 /* AppDelegate.swift */,
				8BFD63502B5673B1001B93C6 /* SceneDelegate.swift */,
				8BFD63522B5673B1001B93C6 /* ViewController.swift */,
				8BFD63542B5673B1001B93C6 /* Main.storyboard */,
				8BFD63572B5673B3001B93C6 /* Assets.xcassets */,
				8BFD63592B5673B3001B93C6 /* LaunchScreen.storyboard */,
				8BFD635C2B5673B3001B93C6 /* Info.plist */,
				8BFD637B2B56D9D8001B93C6 /* APIManager.swift */,
				8BFD638A2B57B4CE001B93C6 /* AnyTableViewCell.swift */,
				8BFD638B2B57B4CE001B93C6 /* AnyTableViewCell.xib */,
				8BFD63982B57CE05001B93C6 /* Enumeration.swift */,
			);
			path = NetWorkProject;
			sourceTree = "<group>";
		};
		8BFD63622B56769F001B93C6 /* LotteryAPI */ = {
			isa = PBXGroup;
			children = (
				8BFD63632B5676FA001B93C6 /* LotteryViewController.swift */,
				8BFD63652B567702001B93C6 /* Lottery.storyboard */,
			);
			path = LotteryAPI;
			sourceTree = "<group>";
		};
		8BFD636C2B567B90001B93C6 /* Model */ = {
			isa = PBXGroup;
			children = (
				8BFD63952B57B949001B93C6 /* Papago.swift */,
				8BFD636D2B567B99001B93C6 /* Lotto.swift */,
				8BFD63792B56D73C001B93C6 /* Beer.swift */,
				8BFD63A72B581765001B93C6 /* Book.swift */,
			);
			path = Model;
			sourceTree = "<group>";
		};
		8BFD636F2B56BBFD001B93C6 /* Extension */ = {
			isa = PBXGroup;
			children = (
				8BFD63702B56BC08001B93C6 /* DateFormatter+Extension.swift */,
			);
			path = Extension;
			sourceTree = "<group>";
		};
		8BFD63722B56D179001B93C6 /* BeerAPI */ = {
			isa = PBXGroup;
			children = (
				8BFD63732B56D190001B93C6 /* Beer.storyboard */,
				8BFD63752B56D1AE001B93C6 /* BeerRandomViewController.swift */,
				8BFD63772B56D1F3001B93C6 /* BeerListViewController.swift */,
			);
			path = BeerAPI;
			sourceTree = "<group>";
		};
		8BFD638E2B57B853001B93C6 /* PapagoAPI */ = {
			isa = PBXGroup;
			children = (
				8BFD63912B57B899001B93C6 /* LanguageViewController.swift */,
				8BFD63932B57B8B8001B93C6 /* PapagoMainViewController.swift */,
			);
			path = PapagoAPI;
			sourceTree = "<group>";
		};
		8BFD639F2B57D4FD001B93C6 /* Resource */ = {
			isa = PBXGroup;
			children = (
				8BFD63A02B57D52D001B93C6 /* APIKey.swift */,
			);
			path = Resource;
			sourceTree = "<group>";
		};
		8BFD63A22B5803D8001B93C6 /* BookAPI */ = {
			isa = PBXGroup;
			children = (
				8BFD63A32B58147D001B93C6 /* Book.storyboard */,
				8BFD63A52B5814AB001B93C6 /* BookViewController.swift */,
				8BFD63A92B5843C5001B93C6 /* BookCollectionViewCell.swift */,
				8BFD63AA2B5843C5001B93C6 /* BookCollectionViewCell.xib */,
			);
			path = BookAPI;
			sourceTree = "<group>";
		};
/* End PBXGroup section */

/* Begin PBXNativeTarget section */
		8BFD634A2B5673B1001B93C6 /* NetWorkProject */ = {
			isa = PBXNativeTarget;
			buildConfigurationList = 8BFD635F2B5673B3001B93C6 /* Build configuration list for PBXNativeTarget "NetWorkProject" */;
			buildPhases = (
				8BFD63472B5673B1001B93C6 /* Sources */,
				8BFD63482B5673B1001B93C6 /* Frameworks */,
				8BFD63492B5673B1001B93C6 /* Resources */,
			);
			buildRules = (
			);
			dependencies = (
			);
			name = NetWorkProject;
			packageProductDependencies = (
				8BFD636A2B567B16001B93C6 /* Alamofire */,
				8BFD637E2B56F5E6001B93C6 /* Kingfisher */,
			);
			productName = NetWorkProject;
			productReference = 8BFD634B2B5673B1001B93C6 /* NetWorkProject.app */;
			productType = "com.apple.product-type.application";
		};
/* End PBXNativeTarget section */

/* Begin PBXProject section */
		8BFD63432B5673B1001B93C6 /* Project object */ = {
			isa = PBXProject;
			attributes = {
				BuildIndependentTargetsInParallel = 1;
				LastSwiftUpdateCheck = 1500;
				LastUpgradeCheck = 1500;
				TargetAttributes = {
					8BFD634A2B5673B1001B93C6 = {
						CreatedOnToolsVersion = 15.0;
					};
				};
			};
			buildConfigurationList = 8BFD63462B5673B1001B93C6 /* Build configuration list for PBXProject "NetWorkProject" */;
			compatibilityVersion = "Xcode 14.0";
			developmentRegion = en;
			hasScannedForEncodings = 0;
			knownRegions = (
				en,
				Base,
			);
			mainGroup = 8BFD63422B5673B1001B93C6;
			packageReferences = (
				8BFD63692B567B16001B93C6 /* XCRemoteSwiftPackageReference "Alamofire" */,
				8BFD637D2B56F5E6001B93C6 /* XCRemoteSwiftPackageReference "Kingfisher" */,
			);
			productRefGroup = 8BFD634C2B5673B1001B93C6 /* Products */;
			projectDirPath = "";
			projectRoot = "";
			targets = (
				8BFD634A2B5673B1001B93C6 /* NetWorkProject */,
			);
		};
/* End PBXProject section */

/* Begin PBXResourcesBuildPhase section */
		8BFD63492B5673B1001B93C6 /* Resources */ = {
			isa = PBXResourcesBuildPhase;
			buildActionMask = 2147483647;
			files = (
				8BFD63662B567702001B93C6 /* Lottery.storyboard in Resources */,
				8BFD63A42B58147D001B93C6 /* Book.storyboard in Resources */,
				8BFD639E2B57D413001B93C6 /* .gitignore in Resources */,
				8BFD63742B56D190001B93C6 /* Beer.storyboard in Resources */,
				8BFD63AC2B5843C5001B93C6 /* BookCollectionViewCell.xib in Resources */,
				8BFD638D2B57B4CE001B93C6 /* AnyTableViewCell.xib in Resources */,
				8BFD635B2B5673B3001B93C6 /* LaunchScreen.storyboard in Resources */,
				8BFD63582B5673B3001B93C6 /* Assets.xcassets in Resources */,
				8BFD63562B5673B1001B93C6 /* Main.storyboard in Resources */,
			);
			runOnlyForDeploymentPostprocessing = 0;
		};
/* End PBXResourcesBuildPhase section */

/* Begin PBXSourcesBuildPhase section */
		8BFD63472B5673B1001B93C6 /* Sources */ = {
			isa = PBXSourcesBuildPhase;
			buildActionMask = 2147483647;
			files = (
				8BFD63942B57B8B8001B93C6 /* PapagoMainViewController.swift in Sources */,
				8BFD636E2B567B99001B93C6 /* Lotto.swift in Sources */,
				8BFD63642B5676FA001B93C6 /* LotteryViewController.swift in Sources */,
				8BFD63AB2B5843C5001B93C6 /* BookCollectionViewCell.swift in Sources */,
				8BFD63922B57B899001B93C6 /* LanguageViewController.swift in Sources */,
				8BFD63A62B5814AB001B93C6 /* BookViewController.swift in Sources */,
				8BFD63532B5673B1001B93C6 /* ViewController.swift in Sources */,
				8BFD63782B56D1F3001B93C6 /* BeerListViewController.swift in Sources */,
				8BFD637C2B56D9D8001B93C6 /* APIManager.swift in Sources */,
				8BFD634F2B5673B1001B93C6 /* AppDelegate.swift in Sources */,
				8BFD63512B5673B1001B93C6 /* SceneDelegate.swift in Sources */,
				8BFD637A2B56D73C001B93C6 /* Beer.swift in Sources */,
				8BFD63A12B57D52D001B93C6 /* APIKey.swift in Sources */,
				8BFD63712B56BC08001B93C6 /* DateFormatter+Extension.swift in Sources */,
				8BFD63992B57CE05001B93C6 /* Enumeration.swift in Sources */,
				8BFD63A82B581765001B93C6 /* Book.swift in Sources */,
				8BFD63962B57B949001B93C6 /* Papago.swift in Sources */,
				8BFD638C2B57B4CE001B93C6 /* AnyTableViewCell.swift in Sources */,
				8BFD63762B56D1AE001B93C6 /* BeerRandomViewController.swift in Sources */,
			);
			runOnlyForDeploymentPostprocessing = 0;
		};
/* End PBXSourcesBuildPhase section */

/* Begin PBXVariantGroup section */
		8BFD63542B5673B1001B93C6 /* Main.storyboard */ = {
			isa = PBXVariantGroup;
			children = (
				8BFD63552B5673B1001B93C6 /* Base */,
			);
			name = Main.storyboard;
			sourceTree = "<group>";
		};
		8BFD63592B5673B3001B93C6 /* LaunchScreen.storyboard */ = {
			isa = PBXVariantGroup;
			children = (
				8BFD635A2B5673B3001B93C6 /* Base */,
			);
			name = LaunchScreen.storyboard;
			sourceTree = "<group>";
		};
/* End PBXVariantGroup section */

/* Begin XCBuildConfiguration section */
		8BFD635D2B5673B3001B93C6 /* Debug */ = {
			isa = XCBuildConfiguration;
			buildSettings = {
				ALWAYS_SEARCH_USER_PATHS = NO;
				ASSETCATALOG_COMPILER_GENERATE_SWIFT_ASSET_SYMBOL_EXTENSIONS = YES;
				CLANG_ANALYZER_NONNULL = YES;
				CLANG_ANALYZER_NUMBER_OBJECT_CONVERSION = YES_AGGRESSIVE;
				CLANG_CXX_LANGUAGE_STANDARD = "gnu++20";
				CLANG_ENABLE_MODULES = YES;
				CLANG_ENABLE_OBJC_ARC = YES;
				CLANG_ENABLE_OBJC_WEAK = YES;
				CLANG_WARN_BLOCK_CAPTURE_AUTORELEASING = YES;
				CLANG_WARN_BOOL_CONVERSION = YES;
				CLANG_WARN_COMMA = YES;
				CLANG_WARN_CONSTANT_CONVERSION = YES;
				CLANG_WARN_DEPRECATED_OBJC_IMPLEMENTATIONS = YES;
				CLANG_WARN_DIRECT_OBJC_ISA_USAGE = YES_ERROR;
				CLANG_WARN_DOCUMENTATION_COMMENTS = YES;
				CLANG_WARN_EMPTY_BODY = YES;
				CLANG_WARN_ENUM_CONVERSION = YES;
				CLANG_WARN_INFINITE_RECURSION = YES;
				CLANG_WARN_INT_CONVERSION = YES;
				CLANG_WARN_NON_LITERAL_NULL_CONVERSION = YES;
				CLANG_WARN_OBJC_IMPLICIT_RETAIN_SELF = YES;
				CLANG_WARN_OBJC_LITERAL_CONVERSION = YES;
				CLANG_WARN_OBJC_ROOT_CLASS = YES_ERROR;
				CLANG_WARN_QUOTED_INCLUDE_IN_FRAMEWORK_HEADER = YES;
				CLANG_WARN_RANGE_LOOP_ANALYSIS = YES;
				CLANG_WARN_STRICT_PROTOTYPES = YES;
				CLANG_WARN_SUSPICIOUS_MOVE = YES;
				CLANG_WARN_UNGUARDED_AVAILABILITY = YES_AGGRESSIVE;
				CLANG_WARN_UNREACHABLE_CODE = YES;
				CLANG_WARN__DUPLICATE_METHOD_MATCH = YES;
				COPY_PHASE_STRIP = NO;
				DEBUG_INFORMATION_FORMAT = dwarf;
				ENABLE_STRICT_OBJC_MSGSEND = YES;
				ENABLE_TESTABILITY = YES;
				ENABLE_USER_SCRIPT_SANDBOXING = YES;
				GCC_C_LANGUAGE_STANDARD = gnu17;
				GCC_DYNAMIC_NO_PIC = NO;
				GCC_NO_COMMON_BLOCKS = YES;
				GCC_OPTIMIZATION_LEVEL = 0;
				GCC_PREPROCESSOR_DEFINITIONS = (
					"DEBUG=1",
					"$(inherited)",
				);
				GCC_WARN_64_TO_32_BIT_CONVERSION = YES;
				GCC_WARN_ABOUT_RETURN_TYPE = YES_ERROR;
				GCC_WARN_UNDECLARED_SELECTOR = YES;
				GCC_WARN_UNINITIALIZED_AUTOS = YES_AGGRESSIVE;
				GCC_WARN_UNUSED_FUNCTION = YES;
				GCC_WARN_UNUSED_VARIABLE = YES;
				IPHONEOS_DEPLOYMENT_TARGET = 17.0;
				LOCALIZATION_PREFERS_STRING_CATALOGS = YES;
				MTL_ENABLE_DEBUG_INFO = INCLUDE_SOURCE;
				MTL_FAST_MATH = YES;
				ONLY_ACTIVE_ARCH = YES;
				SDKROOT = iphoneos;
				SWIFT_ACTIVE_COMPILATION_CONDITIONS = "DEBUG $(inherited)";
				SWIFT_OPTIMIZATION_LEVEL = "-Onone";
			};
			name = Debug;
		};
		8BFD635E2B5673B3001B93C6 /* Release */ = {
			isa = XCBuildConfiguration;
			buildSettings = {
				ALWAYS_SEARCH_USER_PATHS = NO;
				ASSETCATALOG_COMPILER_GENERATE_SWIFT_ASSET_SYMBOL_EXTENSIONS = YES;
				CLANG_ANALYZER_NONNULL = YES;
				CLANG_ANALYZER_NUMBER_OBJECT_CONVERSION = YES_AGGRESSIVE;
				CLANG_CXX_LANGUAGE_STANDARD = "gnu++20";
				CLANG_ENABLE_MODULES = YES;
				CLANG_ENABLE_OBJC_ARC = YES;
				CLANG_ENABLE_OBJC_WEAK = YES;
				CLANG_WARN_BLOCK_CAPTURE_AUTORELEASING = YES;
				CLANG_WARN_BOOL_CONVERSION = YES;
				CLANG_WARN_COMMA = YES;
				CLANG_WARN_CONSTANT_CONVERSION = YES;
				CLANG_WARN_DEPRECATED_OBJC_IMPLEMENTATIONS = YES;
				CLANG_WARN_DIRECT_OBJC_ISA_USAGE = YES_ERROR;
				CLANG_WARN_DOCUMENTATION_COMMENTS = YES;
				CLANG_WARN_EMPTY_BODY = YES;
				CLANG_WARN_ENUM_CONVERSION = YES;
				CLANG_WARN_INFINITE_RECURSION = YES;
				CLANG_WARN_INT_CONVERSION = YES;
				CLANG_WARN_NON_LITERAL_NULL_CONVERSION = YES;
				CLANG_WARN_OBJC_IMPLICIT_RETAIN_SELF = YES;
				CLANG_WARN_OBJC_LITERAL_CONVERSION = YES;
				CLANG_WARN_OBJC_ROOT_CLASS = YES_ERROR;
				CLANG_WARN_QUOTED_INCLUDE_IN_FRAMEWORK_HEADER = YES;
				CLANG_WARN_RANGE_LOOP_ANALYSIS = YES;
				CLANG_WARN_STRICT_PROTOTYPES = YES;
				CLANG_WARN_SUSPICIOUS_MOVE = YES;
				CLANG_WARN_UNGUARDED_AVAILABILITY = YES_AGGRESSIVE;
				CLANG_WARN_UNREACHABLE_CODE = YES;
				CLANG_WARN__DUPLICATE_METHOD_MATCH = YES;
				COPY_PHASE_STRIP = NO;
				DEBUG_INFORMATION_FORMAT = "dwarf-with-dsym";
				ENABLE_NS_ASSERTIONS = NO;
				ENABLE_STRICT_OBJC_MSGSEND = YES;
				ENABLE_USER_SCRIPT_SANDBOXING = YES;
				GCC_C_LANGUAGE_STANDARD = gnu17;
				GCC_NO_COMMON_BLOCKS = YES;
				GCC_WARN_64_TO_32_BIT_CONVERSION = YES;
				GCC_WARN_ABOUT_RETURN_TYPE = YES_ERROR;
				GCC_WARN_UNDECLARED_SELECTOR = YES;
				GCC_WARN_UNINITIALIZED_AUTOS = YES_AGGRESSIVE;
				GCC_WARN_UNUSED_FUNCTION = YES;
				GCC_WARN_UNUSED_VARIABLE = YES;
				IPHONEOS_DEPLOYMENT_TARGET = 17.0;
				LOCALIZATION_PREFERS_STRING_CATALOGS = YES;
				MTL_ENABLE_DEBUG_INFO = NO;
				MTL_FAST_MATH = YES;
				SDKROOT = iphoneos;
				SWIFT_COMPILATION_MODE = wholemodule;
				VALIDATE_PRODUCT = YES;
			};
			name = Release;
		};
		8BFD63602B5673B3001B93C6 /* Debug */ = {
			isa = XCBuildConfiguration;
			buildSettings = {
				ASSETCATALOG_COMPILER_APPICON_NAME = AppIcon;
				ASSETCATALOG_COMPILER_GLOBAL_ACCENT_COLOR_NAME = AccentColor;
				CODE_SIGN_STYLE = Automatic;
				CURRENT_PROJECT_VERSION = 1;
				GENERATE_INFOPLIST_FILE = YES;
				INFOPLIST_FILE = NetWorkProject/Info.plist;
				INFOPLIST_KEY_UIApplicationSupportsIndirectInputEvents = YES;
				INFOPLIST_KEY_UILaunchStoryboardName = LaunchScreen;
				INFOPLIST_KEY_UIMainStoryboardFile = Beer;
				INFOPLIST_KEY_UISupportedInterfaceOrientations_iPad = "UIInterfaceOrientationPortrait UIInterfaceOrientationPortraitUpsideDown UIInterfaceOrientationLandscapeLeft UIInterfaceOrientationLandscapeRight";
				INFOPLIST_KEY_UISupportedInterfaceOrientations_iPhone = "UIInterfaceOrientationPortrait UIInterfaceOrientationLandscapeLeft UIInterfaceOrientationLandscapeRight";
				LD_RUNPATH_SEARCH_PATHS = (
					"$(inherited)",
					"@executable_path/Frameworks",
				);
				MARKETING_VERSION = 1.0;
				PRODUCT_BUNDLE_IDENTIFIER = com.ohddang.NetWorkProject;
				PRODUCT_NAME = "$(TARGET_NAME)";
				SWIFT_EMIT_LOC_STRINGS = YES;
				SWIFT_VERSION = 5.0;
				TARGETED_DEVICE_FAMILY = "1,2";
			};
			name = Debug;
		};
		8BFD63612B5673B3001B93C6 /* Release */ = {
			isa = XCBuildConfiguration;
			buildSettings = {
				ASSETCATALOG_COMPILER_APPICON_NAME = AppIcon;
				ASSETCATALOG_COMPILER_GLOBAL_ACCENT_COLOR_NAME = AccentColor;
				CODE_SIGN_STYLE = Automatic;
				CURRENT_PROJECT_VERSION = 1;
				GENERATE_INFOPLIST_FILE = YES;
				INFOPLIST_FILE = NetWorkProject/Info.plist;
				INFOPLIST_KEY_UIApplicationSupportsIndirectInputEvents = YES;
				INFOPLIST_KEY_UILaunchStoryboardName = LaunchScreen;
				INFOPLIST_KEY_UIMainStoryboardFile = Beer;
				INFOPLIST_KEY_UISupportedInterfaceOrientations_iPad = "UIInterfaceOrientationPortrait UIInterfaceOrientationPortraitUpsideDown UIInterfaceOrientationLandscapeLeft UIInterfaceOrientationLandscapeRight";
				INFOPLIST_KEY_UISupportedInterfaceOrientations_iPhone = "UIInterfaceOrientationPortrait UIInterfaceOrientationLandscapeLeft UIInterfaceOrientationLandscapeRight";
				LD_RUNPATH_SEARCH_PATHS = (
					"$(inherited)",
					"@executable_path/Frameworks",
				);
				MARKETING_VERSION = 1.0;
				PRODUCT_BUNDLE_IDENTIFIER = com.ohddang.NetWorkProject;
				PRODUCT_NAME = "$(TARGET_NAME)";
				SWIFT_EMIT_LOC_STRINGS = YES;
				SWIFT_VERSION = 5.0;
				TARGETED_DEVICE_FAMILY = "1,2";
			};
			name = Release;
		};
/* End XCBuildConfiguration section */

/* Begin XCConfigurationList section */
		8BFD63462B5673B1001B93C6 /* Build configuration list for PBXProject "NetWorkProject" */ = {
			isa = XCConfigurationList;
			buildConfigurations = (
				8BFD635D2B5673B3001B93C6 /* Debug */,
				8BFD635E2B5673B3001B93C6 /* Release */,
			);
			defaultConfigurationIsVisible = 0;
			defaultConfigurationName = Release;
		};
		8BFD635F2B5673B3001B93C6 /* Build configuration list for PBXNativeTarget "NetWorkProject" */ = {
			isa = XCConfigurationList;
			buildConfigurations = (
				8BFD63602B5673B3001B93C6 /* Debug */,
				8BFD63612B5673B3001B93C6 /* Release */,
			);
			defaultConfigurationIsVisible = 0;
			defaultConfigurationName = Release;
		};
/* End XCConfigurationList section */

/* Begin XCRemoteSwiftPackageReference section */
		8BFD63692B567B16001B93C6 /* XCRemoteSwiftPackageReference "Alamofire" */ = {
			isa = XCRemoteSwiftPackageReference;
			repositoryURL = "https://github.com/Alamofire/Alamofire.git";
			requirement = {
				kind = upToNextMajorVersion;
				minimumVersion = 5.8.1;
			};
		};
		8BFD637D2B56F5E6001B93C6 /* XCRemoteSwiftPackageReference "Kingfisher" */ = {
			isa = XCRemoteSwiftPackageReference;
			repositoryURL = "https://github.com/onevcat/Kingfisher.git";
			requirement = {
				kind = upToNextMajorVersion;
				minimumVersion = 7.10.2;
			};
		};
/* End XCRemoteSwiftPackageReference section */

/* Begin XCSwiftPackageProductDependency section */
		8BFD636A2B567B16001B93C6 /* Alamofire */ = {
			isa = XCSwiftPackageProductDependency;
			package = 8BFD63692B567B16001B93C6 /* XCRemoteSwiftPackageReference "Alamofire" */;
			productName = Alamofire;
		};
		8BFD637E2B56F5E6001B93C6 /* Kingfisher */ = {
			isa = XCSwiftPackageProductDependency;
			package = 8BFD637D2B56F5E6001B93C6 /* XCRemoteSwiftPackageReference "Kingfisher" */;
			productName = Kingfisher;
		};
/* End XCSwiftPackageProductDependency section */
	};
	rootObject = 8BFD63432B5673B1001B93C6 /* Project object */;
}
